{
  "name": "tensorboard-extensions",
  "version": "1.0.0",
  "lockfileVersion": 1,
  "requires": true,
  "dependencies": {
    "@types/dygraphs": {
      "version": "1.1.8",
      "resolved": "https://registry.npmjs.org/@types/dygraphs/-/dygraphs-1.1.8.tgz",
      "integrity": "sha512-qoSvrmDb83ll0hM3ANs6x5Xa163osIKrstX6Vgg1l9A8HPz72IHEOY+4EPb6jW+B25i6NCR+Dv7O9D0p2m4b6A==",
      "requires": {
        "@types/google.visualization": "*"
      }
    },
    "@types/google.visualization": {
      "version": "0.0.46",
      "resolved": "https://registry.npmjs.org/@types/google.visualization/-/google.visualization-0.0.46.tgz",
      "integrity": "sha512-zYOvek3Qxj64YDcft+cNIz9Vm4fp8vMt6p/uDPL+bhh7BgvU7CyEk33H4i2mFwW/o3WY+mLGuE4sXjghrPXJEg=="
    },
    "dygraphs": {
      "version": "2.1.0",
      "resolved": "https://registry.npmjs.org/dygraphs/-/dygraphs-2.1.0.tgz",
      "integrity": "sha1-L7/SyAPq0CMH3z+vjU3T71XLIHU="
    },
    "lit-element": {
      "version": "2.1.0",
      "resolved": "https://registry.npmjs.org/lit-element/-/lit-element-2.1.0.tgz",
      "integrity": "sha512-0z/KHm1xZweivfOVRr8AKR06+D3k02u15m9s4jkuRdnGe5wfmEwePzrQQBsSZNILdnfJvfo3TJOeGhBCVZaPbw==",
      "requires": {
        "lit-html": "^1.0.0"
      }
    },
    "lit-html": {
      "version": "1.0.0",
      "resolved": "https://registry.npmjs.org/lit-html/-/lit-html-1.0.0.tgz",
      "integrity": "sha512-oeWlpLmBW3gFl7979Wol2LKITpmKTUFNn7PnFbh6YNynF61W74l6x5WhwItAwPRSATpexaX1egNnRzlN4GOtfQ=="
    }
  }
}
